// !$*UTF8*$!
{
	archiveVersion = 1;
	classes = {
	};
	objectVersion = 56;
	objects = {

/* Begin PBXBuildFile section */
		1975BDFC29EFF4A50079A938 /* PickedLegendaryPerk.swift in Sources */ = {isa = PBXBuildFile; fileRef = 1975BDFB29EFF4A50079A938 /* PickedLegendaryPerk.swift */; };
		1975BDFE29F02F5D0079A938 /* LegendaryPerkCardSummaryView.swift in Sources */ = {isa = PBXBuildFile; fileRef = 1975BDFD29F02F5D0079A938 /* LegendaryPerkCardSummaryView.swift */; };
		19E156EC29ED4DCE00B5F36C /* AllLegendaryPerksView.swift in Sources */ = {isa = PBXBuildFile; fileRef = 19E156EB29ED4DCE00B5F36C /* AllLegendaryPerksView.swift */; };
		19E156EE29ED4E5100B5F36C /* AllMutationsView.swift in Sources */ = {isa = PBXBuildFile; fileRef = 19E156ED29ED4E5100B5F36C /* AllMutationsView.swift */; };
		19E156F029ED98E000B5F36C /* LegendaryPerk.swift in Sources */ = {isa = PBXBuildFile; fileRef = 19E156EF29ED98E000B5F36C /* LegendaryPerk.swift */; };
		19E156F229ED9B8200B5F36C /* Mutation.swift in Sources */ = {isa = PBXBuildFile; fileRef = 19E156F129ED9B8200B5F36C /* Mutation.swift */; };
		19E1807429F17DD600BB131B /* EquipmentMainView.swift in Sources */ = {isa = PBXBuildFile; fileRef = 19E1807329F17DD600BB131B /* EquipmentMainView.swift */; };
		19E63ABF29E6A9BE0065155B /* Buildout76App.swift in Sources */ = {isa = PBXBuildFile; fileRef = 19E63ABE29E6A9BE0065155B /* Buildout76App.swift */; };
		19E63AC129E6A9BE0065155B /* ContentView.swift in Sources */ = {isa = PBXBuildFile; fileRef = 19E63AC029E6A9BE0065155B /* ContentView.swift */; };
		19E63AC329E6A9BF0065155B /* Assets.xcassets in Resources */ = {isa = PBXBuildFile; fileRef = 19E63AC229E6A9BF0065155B /* Assets.xcassets */; };
		19E63AC629E6A9BF0065155B /* Preview Assets.xcassets in Resources */ = {isa = PBXBuildFile; fileRef = 19E63AC529E6A9BF0065155B /* Preview Assets.xcassets */; };
		19E63ACD29E6A9FB0065155B /* perks.json in Resources */ = {isa = PBXBuildFile; fileRef = 19E63ACC29E6A9FB0065155B /* perks.json */; };
		19E63ACF29E6AA180065155B /* Bundle-Decodable.swift in Sources */ = {isa = PBXBuildFile; fileRef = 19E63ACE29E6AA180065155B /* Bundle-Decodable.swift */; };
		19E63AD129E6AA6C0065155B /* Perk.swift in Sources */ = {isa = PBXBuildFile; fileRef = 19E63AD029E6AA6C0065155B /* Perk.swift */; };
		19E63AD329E6ABBD0065155B /* Build.swift in Sources */ = {isa = PBXBuildFile; fileRef = 19E63AD229E6ABBD0065155B /* Build.swift */; };
		19E63AD529E6AC250065155B /* PickedPerk.swift in Sources */ = {isa = PBXBuildFile; fileRef = 19E63AD429E6AC250065155B /* PickedPerk.swift */; };
		19E63AD729E6AE2A0065155B /* Builds.swift in Sources */ = {isa = PBXBuildFile; fileRef = 19E63AD629E6AE2A0065155B /* Builds.swift */; };
		19E63AD929E6B1110065155B /* PerkCardView.swift in Sources */ = {isa = PBXBuildFile; fileRef = 19E63AD829E6B1110065155B /* PerkCardView.swift */; };
		19E63ADD29E6B7A00065155B /* AllPerksView.swift in Sources */ = {isa = PBXBuildFile; fileRef = 19E63ADC29E6B7A00065155B /* AllPerksView.swift */; };
		19E63ADF29E6BE990065155B /* BuildProgressView.swift in Sources */ = {isa = PBXBuildFile; fileRef = 19E63ADE29E6BE990065155B /* BuildProgressView.swift */; };
		19E63AE129E6EAD50065155B /* PickedPerks.swift in Sources */ = {isa = PBXBuildFile; fileRef = 19E63AE029E6EAD50065155B /* PickedPerks.swift */; };
		19E7B77C29E8491100A00469 /* SavedBuildsListView.swift in Sources */ = {isa = PBXBuildFile; fileRef = 19E7B77B29E8491100A00469 /* SavedBuildsListView.swift */; };
		19E7B77E29E84B6600A00469 /* BuildDetailView.swift in Sources */ = {isa = PBXBuildFile; fileRef = 19E7B77D29E84B6600A00469 /* BuildDetailView.swift */; };
		19E7B78029E859F200A00469 /* PerkCardSummaryView.swift in Sources */ = {isa = PBXBuildFile; fileRef = 19E7B77F29E859F200A00469 /* PerkCardSummaryView.swift */; };
		19FC8F7429EE941100A94C9B /* legendaryPerks.json in Resources */ = {isa = PBXBuildFile; fileRef = 19FC8F7329EE941100A94C9B /* legendaryPerks.json */; };
		19FC8F7629EE96EA00A94C9B /* mutations.json in Resources */ = {isa = PBXBuildFile; fileRef = 19FC8F7529EE96EA00A94C9B /* mutations.json */; };
		19FC8F7829EEA6D200A94C9B /* PickedLegendaryPerks.swift in Sources */ = {isa = PBXBuildFile; fileRef = 19FC8F7729EEA6D200A94C9B /* PickedLegendaryPerks.swift */; };
		19FC8F7A29EEA6F600A94C9B /* Mutations.swift in Sources */ = {isa = PBXBuildFile; fileRef = 19FC8F7929EEA6F600A94C9B /* Mutations.swift */; };
		19FC8F7C29EEBB7500A94C9B /* LegendaryPerkCardView.swift in Sources */ = {isa = PBXBuildFile; fileRef = 19FC8F7B29EEBB7500A94C9B /* LegendaryPerkCardView.swift */; };
		19FC8F7E29EEBBA200A94C9B /* MutationsCardView.swift in Sources */ = {isa = PBXBuildFile; fileRef = 19FC8F7D29EEBBA200A94C9B /* MutationsCardView.swift */; };
/* End PBXBuildFile section */

/* Begin PBXFileReference section */
		1975BDFB29EFF4A50079A938 /* PickedLegendaryPerk.swift */ = {isa = PBXFileReference; lastKnownFileType = sourcecode.swift; path = PickedLegendaryPerk.swift; sourceTree = "<group>"; };
		1975BDFD29F02F5D0079A938 /* LegendaryPerkCardSummaryView.swift */ = {isa = PBXFileReference; lastKnownFileType = sourcecode.swift; path = LegendaryPerkCardSummaryView.swift; sourceTree = "<group>"; };
		19E156EB29ED4DCE00B5F36C /* AllLegendaryPerksView.swift */ = {isa = PBXFileReference; lastKnownFileType = sourcecode.swift; path = AllLegendaryPerksView.swift; sourceTree = "<group>"; };
		19E156ED29ED4E5100B5F36C /* AllMutationsView.swift */ = {isa = PBXFileReference; lastKnownFileType = sourcecode.swift; path = AllMutationsView.swift; sourceTree = "<group>"; };
		19E156EF29ED98E000B5F36C /* LegendaryPerk.swift */ = {isa = PBXFileReference; lastKnownFileType = sourcecode.swift; path = LegendaryPerk.swift; sourceTree = "<group>"; };
		19E156F129ED9B8200B5F36C /* Mutation.swift */ = {isa = PBXFileReference; lastKnownFileType = sourcecode.swift; path = Mutation.swift; sourceTree = "<group>"; };
		19E1807329F17DD600BB131B /* EquipmentMainView.swift */ = {isa = PBXFileReference; lastKnownFileType = sourcecode.swift; path = EquipmentMainView.swift; sourceTree = "<group>"; };
		19E63ABB29E6A9BE0065155B /* Buildout76.app */ = {isa = PBXFileReference; explicitFileType = wrapper.application; includeInIndex = 0; path = Buildout76.app; sourceTree = BUILT_PRODUCTS_DIR; };
		19E63ABE29E6A9BE0065155B /* Buildout76App.swift */ = {isa = PBXFileReference; lastKnownFileType = sourcecode.swift; path = Buildout76App.swift; sourceTree = "<group>"; };
		19E63AC029E6A9BE0065155B /* ContentView.swift */ = {isa = PBXFileReference; lastKnownFileType = sourcecode.swift; path = ContentView.swift; sourceTree = "<group>"; };
		19E63AC229E6A9BF0065155B /* Assets.xcassets */ = {isa = PBXFileReference; lastKnownFileType = folder.assetcatalog; path = Assets.xcassets; sourceTree = "<group>"; };
		19E63AC529E6A9BF0065155B /* Preview Assets.xcassets */ = {isa = PBXFileReference; lastKnownFileType = folder.assetcatalog; path = "Preview Assets.xcassets"; sourceTree = "<group>"; };
		19E63ACC29E6A9FB0065155B /* perks.json */ = {isa = PBXFileReference; fileEncoding = 4; lastKnownFileType = text.json; path = perks.json; sourceTree = "<group>"; };
		19E63ACE29E6AA180065155B /* Bundle-Decodable.swift */ = {isa = PBXFileReference; fileEncoding = 4; lastKnownFileType = sourcecode.swift; path = "Bundle-Decodable.swift"; sourceTree = "<group>"; };
		19E63AD029E6AA6C0065155B /* Perk.swift */ = {isa = PBXFileReference; fileEncoding = 4; lastKnownFileType = sourcecode.swift; path = Perk.swift; sourceTree = "<group>"; };
		19E63AD229E6ABBD0065155B /* Build.swift */ = {isa = PBXFileReference; fileEncoding = 4; lastKnownFileType = sourcecode.swift; path = Build.swift; sourceTree = "<group>"; };
		19E63AD429E6AC250065155B /* PickedPerk.swift */ = {isa = PBXFileReference; fileEncoding = 4; lastKnownFileType = sourcecode.swift; path = PickedPerk.swift; sourceTree = "<group>"; };
		19E63AD629E6AE2A0065155B /* Builds.swift */ = {isa = PBXFileReference; fileEncoding = 4; lastKnownFileType = sourcecode.swift; path = Builds.swift; sourceTree = "<group>"; };
		19E63AD829E6B1110065155B /* PerkCardView.swift */ = {isa = PBXFileReference; fileEncoding = 4; lastKnownFileType = sourcecode.swift; path = PerkCardView.swift; sourceTree = "<group>"; };
		19E63ADC29E6B7A00065155B /* AllPerksView.swift */ = {isa = PBXFileReference; lastKnownFileType = sourcecode.swift; path = AllPerksView.swift; sourceTree = "<group>"; };
		19E63ADE29E6BE990065155B /* BuildProgressView.swift */ = {isa = PBXFileReference; lastKnownFileType = sourcecode.swift; path = BuildProgressView.swift; sourceTree = "<group>"; };
		19E63AE029E6EAD50065155B /* PickedPerks.swift */ = {isa = PBXFileReference; lastKnownFileType = sourcecode.swift; path = PickedPerks.swift; sourceTree = "<group>"; };
		19E7B77B29E8491100A00469 /* SavedBuildsListView.swift */ = {isa = PBXFileReference; lastKnownFileType = sourcecode.swift; path = SavedBuildsListView.swift; sourceTree = "<group>"; };
		19E7B77D29E84B6600A00469 /* BuildDetailView.swift */ = {isa = PBXFileReference; fileEncoding = 4; lastKnownFileType = sourcecode.swift; path = BuildDetailView.swift; sourceTree = "<group>"; };
		19E7B77F29E859F200A00469 /* PerkCardSummaryView.swift */ = {isa = PBXFileReference; lastKnownFileType = sourcecode.swift; path = PerkCardSummaryView.swift; sourceTree = "<group>"; };
		19FC8F7329EE941100A94C9B /* legendaryPerks.json */ = {isa = PBXFileReference; fileEncoding = 4; lastKnownFileType = text.json; path = legendaryPerks.json; sourceTree = "<group>"; };
		19FC8F7529EE96EA00A94C9B /* mutations.json */ = {isa = PBXFileReference; fileEncoding = 4; lastKnownFileType = text.json; path = mutations.json; sourceTree = "<group>"; };
		19FC8F7729EEA6D200A94C9B /* PickedLegendaryPerks.swift */ = {isa = PBXFileReference; lastKnownFileType = sourcecode.swift; path = PickedLegendaryPerks.swift; sourceTree = "<group>"; };
		19FC8F7929EEA6F600A94C9B /* Mutations.swift */ = {isa = PBXFileReference; lastKnownFileType = sourcecode.swift; path = Mutations.swift; sourceTree = "<group>"; };
		19FC8F7B29EEBB7500A94C9B /* LegendaryPerkCardView.swift */ = {isa = PBXFileReference; lastKnownFileType = sourcecode.swift; path = LegendaryPerkCardView.swift; sourceTree = "<group>"; };
		19FC8F7D29EEBBA200A94C9B /* MutationsCardView.swift */ = {isa = PBXFileReference; lastKnownFileType = sourcecode.swift; path = MutationsCardView.swift; sourceTree = "<group>"; };
/* End PBXFileReference section */

/* Begin PBXFrameworksBuildPhase section */
		19E63AB829E6A9BE0065155B /* Frameworks */ = {
			isa = PBXFrameworksBuildPhase;
			buildActionMask = 2147483647;
			files = (
			);
			runOnlyForDeploymentPostprocessing = 0;
		};
/* End PBXFrameworksBuildPhase section */

/* Begin PBXGroup section */
		19E63AB229E6A9BE0065155B = {
			isa = PBXGroup;
			children = (
				19E63ABD29E6A9BE0065155B /* Buildout76 */,
				19E63ABC29E6A9BE0065155B /* Products */,
			);
			sourceTree = "<group>";
		};
		19E63ABC29E6A9BE0065155B /* Products */ = {
			isa = PBXGroup;
			children = (
				19E63ABB29E6A9BE0065155B /* Buildout76.app */,
			);
			name = Products;
			sourceTree = "<group>";
		};
		19E63ABD29E6A9BE0065155B /* Buildout76 */ = {
			isa = PBXGroup;
			children = (
				19E63ABE29E6A9BE0065155B /* Buildout76App.swift */,
				19E63AC029E6A9BE0065155B /* ContentView.swift */,
				19E7B77B29E8491100A00469 /* SavedBuildsListView.swift */,
				19E7B77D29E84B6600A00469 /* BuildDetailView.swift */,
				19E63ADC29E6B7A00065155B /* AllPerksView.swift */,
				19E63AD829E6B1110065155B /* PerkCardView.swift */,
				19E7B77F29E859F200A00469 /* PerkCardSummaryView.swift */,
				19E63ADE29E6BE990065155B /* BuildProgressView.swift */,
				19E156EB29ED4DCE00B5F36C /* AllLegendaryPerksView.swift */,
				19FC8F7B29EEBB7500A94C9B /* LegendaryPerkCardView.swift */,
				1975BDFD29F02F5D0079A938 /* LegendaryPerkCardSummaryView.swift */,
				19E156ED29ED4E5100B5F36C /* AllMutationsView.swift */,
				19FC8F7D29EEBBA200A94C9B /* MutationsCardView.swift */,
				19E63AD029E6AA6C0065155B /* Perk.swift */,
				19E63AD429E6AC250065155B /* PickedPerk.swift */,
				19E63AE029E6EAD50065155B /* PickedPerks.swift */,
				19E63AD229E6ABBD0065155B /* Build.swift */,
				19E63AD629E6AE2A0065155B /* Builds.swift */,
				19E156EF29ED98E000B5F36C /* LegendaryPerk.swift */,
				1975BDFB29EFF4A50079A938 /* PickedLegendaryPerk.swift */,
				19FC8F7729EEA6D200A94C9B /* PickedLegendaryPerks.swift */,
				19E156F129ED9B8200B5F36C /* Mutation.swift */,
				19FC8F7929EEA6F600A94C9B /* Mutations.swift */,
				19E63ACC29E6A9FB0065155B /* perks.json */,
				19FC8F7329EE941100A94C9B /* legendaryPerks.json */,
				19FC8F7529EE96EA00A94C9B /* mutations.json */,
				19E63ACE29E6AA180065155B /* Bundle-Decodable.swift */,
				19E1807329F17DD600BB131B /* EquipmentMainView.swift */,
				19E63AC229E6A9BF0065155B /* Assets.xcassets */,
				19E63AC429E6A9BF0065155B /* Preview Content */,
			);
			path = Buildout76;
			sourceTree = "<group>";
		};
		19E63AC429E6A9BF0065155B /* Preview Content */ = {
			isa = PBXGroup;
			children = (
				19E63AC529E6A9BF0065155B /* Preview Assets.xcassets */,
			);
			path = "Preview Content";
			sourceTree = "<group>";
		};
/* End PBXGroup section */

/* Begin PBXNativeTarget section */
		19E63ABA29E6A9BE0065155B /* Buildout76 */ = {
			isa = PBXNativeTarget;
			buildConfigurationList = 19E63AC929E6A9BF0065155B /* Build configuration list for PBXNativeTarget "Buildout76" */;
			buildPhases = (
				19E63AB729E6A9BE0065155B /* Sources */,
				19E63AB829E6A9BE0065155B /* Frameworks */,
				19E63AB929E6A9BE0065155B /* Resources */,
			);
			buildRules = (
			);
			dependencies = (
			);
			name = Buildout76;
			productName = Buildout76;
			productReference = 19E63ABB29E6A9BE0065155B /* Buildout76.app */;
			productType = "com.apple.product-type.application";
		};
/* End PBXNativeTarget section */

/* Begin PBXProject section */
		19E63AB329E6A9BE0065155B /* Project object */ = {
			isa = PBXProject;
			attributes = {
				BuildIndependentTargetsInParallel = 1;
				LastSwiftUpdateCheck = 1420;
				LastUpgradeCheck = 1420;
				TargetAttributes = {
					19E63ABA29E6A9BE0065155B = {
						CreatedOnToolsVersion = 14.2;
					};
				};
			};
			buildConfigurationList = 19E63AB629E6A9BE0065155B /* Build configuration list for PBXProject "Buildout76" */;
			compatibilityVersion = "Xcode 14.0";
			developmentRegion = en;
			hasScannedForEncodings = 0;
			knownRegions = (
				en,
				Base,
			);
			mainGroup = 19E63AB229E6A9BE0065155B;
			productRefGroup = 19E63ABC29E6A9BE0065155B /* Products */;
			projectDirPath = "";
			projectRoot = "";
			targets = (
				19E63ABA29E6A9BE0065155B /* Buildout76 */,
			);
		};
/* End PBXProject section */

/* Begin PBXResourcesBuildPhase section */
		19E63AB929E6A9BE0065155B /* Resources */ = {
			isa = PBXResourcesBuildPhase;
			buildActionMask = 2147483647;
			files = (
				19E63AC629E6A9BF0065155B /* Preview Assets.xcassets in Resources */,
				19E63AC329E6A9BF0065155B /* Assets.xcassets in Resources */,
				19E63ACD29E6A9FB0065155B /* perks.json in Resources */,
				19FC8F7429EE941100A94C9B /* legendaryPerks.json in Resources */,
				19FC8F7629EE96EA00A94C9B /* mutations.json in Resources */,
			);
			runOnlyForDeploymentPostprocessing = 0;
		};
/* End PBXResourcesBuildPhase section */

/* Begin PBXSourcesBuildPhase section */
		19E63AB729E6A9BE0065155B /* Sources */ = {
			isa = PBXSourcesBuildPhase;
			buildActionMask = 2147483647;
			files = (
				19FC8F7829EEA6D200A94C9B /* PickedLegendaryPerks.swift in Sources */,
				19E1807429F17DD600BB131B /* EquipmentMainView.swift in Sources */,
				19E63AC129E6A9BE0065155B /* ContentView.swift in Sources */,
				19E156EC29ED4DCE00B5F36C /* AllLegendaryPerksView.swift in Sources */,
				19E7B77E29E84B6600A00469 /* BuildDetailView.swift in Sources */,
				19E7B77C29E8491100A00469 /* SavedBuildsListView.swift in Sources */,
				19E63ADD29E6B7A00065155B /* AllPerksView.swift in Sources */,
				19E63AD529E6AC250065155B /* PickedPerk.swift in Sources */,
				19E63AE129E6EAD50065155B /* PickedPerks.swift in Sources */,
				19E63ABF29E6A9BE0065155B /* Buildout76App.swift in Sources */,
				1975BDFE29F02F5D0079A938 /* LegendaryPerkCardSummaryView.swift in Sources */,
				19E63ADF29E6BE990065155B /* BuildProgressView.swift in Sources */,
				19E63AD329E6ABBD0065155B /* Build.swift in Sources */,
				19FC8F7E29EEBBA200A94C9B /* MutationsCardView.swift in Sources */,
				19E63AD929E6B1110065155B /* PerkCardView.swift in Sources */,
				19FC8F7C29EEBB7500A94C9B /* LegendaryPerkCardView.swift in Sources */,
				19E63ACF29E6AA180065155B /* Bundle-Decodable.swift in Sources */,
				19E7B78029E859F200A00469 /* PerkCardSummaryView.swift in Sources */,
				1975BDFC29EFF4A50079A938 /* PickedLegendaryPerk.swift in Sources */,
				19E156EE29ED4E5100B5F36C /* AllMutationsView.swift in Sources */,
				19E63AD129E6AA6C0065155B /* Perk.swift in Sources */,
				19E63AD729E6AE2A0065155B /* Builds.swift in Sources */,
				19E156F229ED9B8200B5F36C /* Mutation.swift in Sources */,
				19FC8F7A29EEA6F600A94C9B /* Mutations.swift in Sources */,
				19E156F029ED98E000B5F36C /* LegendaryPerk.swift in Sources */,
			);
			runOnlyForDeploymentPostprocessing = 0;
		};
/* End PBXSourcesBuildPhase section */

/* Begin XCBuildConfiguration section */
		19E63AC729E6A9BF0065155B /* Debug */ = {
			isa = XCBuildConfiguration;
			buildSettings = {
				ALWAYS_SEARCH_USER_PATHS = NO;
				CLANG_ANALYZER_NONNULL = YES;
				CLANG_ANALYZER_NUMBER_OBJECT_CONVERSION = YES_AGGRESSIVE;
				CLANG_CXX_LANGUAGE_STANDARD = "gnu++20";
				CLANG_ENABLE_MODULES = YES;
				CLANG_ENABLE_OBJC_ARC = YES;
				CLANG_ENABLE_OBJC_WEAK = YES;
				CLANG_WARN_BLOCK_CAPTURE_AUTORELEASING = YES;
				CLANG_WARN_BOOL_CONVERSION = YES;
				CLANG_WARN_COMMA = YES;
				CLANG_WARN_CONSTANT_CONVERSION = YES;
				CLANG_WARN_DEPRECATED_OBJC_IMPLEMENTATIONS = YES;
				CLANG_WARN_DIRECT_OBJC_ISA_USAGE = YES_ERROR;
				CLANG_WARN_DOCUMENTATION_COMMENTS = YES;
				CLANG_WARN_EMPTY_BODY = YES;
				CLANG_WARN_ENUM_CONVERSION = YES;
				CLANG_WARN_INFINITE_RECURSION = YES;
				CLANG_WARN_INT_CONVERSION = YES;
				CLANG_WARN_NON_LITERAL_NULL_CONVERSION = YES;
				CLANG_WARN_OBJC_IMPLICIT_RETAIN_SELF = YES;
				CLANG_WARN_OBJC_LITERAL_CONVERSION = YES;
				CLANG_WARN_OBJC_ROOT_CLASS = YES_ERROR;
				CLANG_WARN_QUOTED_INCLUDE_IN_FRAMEWORK_HEADER = YES;
				CLANG_WARN_RANGE_LOOP_ANALYSIS = YES;
				CLANG_WARN_STRICT_PROTOTYPES = YES;
				CLANG_WARN_SUSPICIOUS_MOVE = YES;
				CLANG_WARN_UNGUARDED_AVAILABILITY = YES_AGGRESSIVE;
				CLANG_WARN_UNREACHABLE_CODE = YES;
				CLANG_WARN__DUPLICATE_METHOD_MATCH = YES;
				COPY_PHASE_STRIP = NO;
				DEBUG_INFORMATION_FORMAT = dwarf;
				ENABLE_STRICT_OBJC_MSGSEND = YES;
				ENABLE_TESTABILITY = YES;
				GCC_C_LANGUAGE_STANDARD = gnu11;
				GCC_DYNAMIC_NO_PIC = NO;
				GCC_NO_COMMON_BLOCKS = YES;
				GCC_OPTIMIZATION_LEVEL = 0;
				GCC_PREPROCESSOR_DEFINITIONS = (
					"DEBUG=1",
					"$(inherited)",
				);
				GCC_WARN_64_TO_32_BIT_CONVERSION = YES;
				GCC_WARN_ABOUT_RETURN_TYPE = YES_ERROR;
				GCC_WARN_UNDECLARED_SELECTOR = YES;
				GCC_WARN_UNINITIALIZED_AUTOS = YES_AGGRESSIVE;
				GCC_WARN_UNUSED_FUNCTION = YES;
				GCC_WARN_UNUSED_VARIABLE = YES;
				IPHONEOS_DEPLOYMENT_TARGET = 16.2;
				MTL_ENABLE_DEBUG_INFO = INCLUDE_SOURCE;
				MTL_FAST_MATH = YES;
				ONLY_ACTIVE_ARCH = YES;
				SDKROOT = iphoneos;
				SWIFT_ACTIVE_COMPILATION_CONDITIONS = DEBUG;
				SWIFT_OPTIMIZATION_LEVEL = "-Onone";
			};
			name = Debug;
		};
		19E63AC829E6A9BF0065155B /* Release */ = {
			isa = XCBuildConfiguration;
			buildSettings = {
				ALWAYS_SEARCH_USER_PATHS = NO;
				CLANG_ANALYZER_NONNULL = YES;
				CLANG_ANALYZER_NUMBER_OBJECT_CONVERSION = YES_AGGRESSIVE;
				CLANG_CXX_LANGUAGE_STANDARD = "gnu++20";
				CLANG_ENABLE_MODULES = YES;
				CLANG_ENABLE_OBJC_ARC = YES;
				CLANG_ENABLE_OBJC_WEAK = YES;
				CLANG_WARN_BLOCK_CAPTURE_AUTORELEASING = YES;
				CLANG_WARN_BOOL_CONVERSION = YES;
				CLANG_WARN_COMMA = YES;
				CLANG_WARN_CONSTANT_CONVERSION = YES;
				CLANG_WARN_DEPRECATED_OBJC_IMPLEMENTATIONS = YES;
				CLANG_WARN_DIRECT_OBJC_ISA_USAGE = YES_ERROR;
				CLANG_WARN_DOCUMENTATION_COMMENTS = YES;
				CLANG_WARN_EMPTY_BODY = YES;
				CLANG_WARN_ENUM_CONVERSION = YES;
				CLANG_WARN_INFINITE_RECURSION = YES;
				CLANG_WARN_INT_CONVERSION = YES;
				CLANG_WARN_NON_LITERAL_NULL_CONVERSION = YES;
				CLANG_WARN_OBJC_IMPLICIT_RETAIN_SELF = YES;
				CLANG_WARN_OBJC_LITERAL_CONVERSION = YES;
				CLANG_WARN_OBJC_ROOT_CLASS = YES_ERROR;
				CLANG_WARN_QUOTED_INCLUDE_IN_FRAMEWORK_HEADER = YES;
				CLANG_WARN_RANGE_LOOP_ANALYSIS = YES;
				CLANG_WARN_STRICT_PROTOTYPES = YES;
				CLANG_WARN_SUSPICIOUS_MOVE = YES;
				CLANG_WARN_UNGUARDED_AVAILABILITY = YES_AGGRESSIVE;
				CLANG_WARN_UNREACHABLE_CODE = YES;
				CLANG_WARN__DUPLICATE_METHOD_MATCH = YES;
				COPY_PHASE_STRIP = NO;
				DEBUG_INFORMATION_FORMAT = "dwarf-with-dsym";
				ENABLE_NS_ASSERTIONS = NO;
				ENABLE_STRICT_OBJC_MSGSEND = YES;
				GCC_C_LANGUAGE_STANDARD = gnu11;
				GCC_NO_COMMON_BLOCKS = YES;
				GCC_WARN_64_TO_32_BIT_CONVERSION = YES;
				GCC_WARN_ABOUT_RETURN_TYPE = YES_ERROR;
				GCC_WARN_UNDECLARED_SELECTOR = YES;
				GCC_WARN_UNINITIALIZED_AUTOS = YES_AGGRESSIVE;
				GCC_WARN_UNUSED_FUNCTION = YES;
				GCC_WARN_UNUSED_VARIABLE = YES;
				IPHONEOS_DEPLOYMENT_TARGET = 16.2;
				MTL_ENABLE_DEBUG_INFO = NO;
				MTL_FAST_MATH = YES;
				SDKROOT = iphoneos;
				SWIFT_COMPILATION_MODE = wholemodule;
				SWIFT_OPTIMIZATION_LEVEL = "-O";
				VALIDATE_PRODUCT = YES;
			};
			name = Release;
		};
		19E63ACA29E6A9BF0065155B /* Debug */ = {
			isa = XCBuildConfiguration;
			buildSettings = {
				ASSETCATALOG_COMPILER_APPICON_NAME = AppIcon;
				ASSETCATALOG_COMPILER_GLOBAL_ACCENT_COLOR_NAME = AccentColor;
				CODE_SIGN_STYLE = Automatic;
				CURRENT_PROJECT_VERSION = 1;
				DEVELOPMENT_ASSET_PATHS = "\"Buildout76/Preview Content\"";
				ENABLE_PREVIEWS = YES;
				GENERATE_INFOPLIST_FILE = YES;
				INFOPLIST_KEY_UIApplicationSceneManifest_Generation = YES;
				INFOPLIST_KEY_UIApplicationSupportsIndirectInputEvents = YES;
				INFOPLIST_KEY_UILaunchScreen_Generation = YES;
				INFOPLIST_KEY_UISupportedInterfaceOrientations = UIInterfaceOrientationPortrait;
				INFOPLIST_KEY_UISupportedInterfaceOrientations_iPad = "UIInterfaceOrientationLandscapeLeft UIInterfaceOrientationLandscapeRight UIInterfaceOrientationPortrait UIInterfaceOrientationPortraitUpsideDown";
				LD_RUNPATH_SEARCH_PATHS = (
					"$(inherited)",
					"@executable_path/Frameworks",
				);
				MARKETING_VERSION = 1.0;
				PRODUCT_BUNDLE_IDENTIFIER = com.zbornak.Buildout76;
				PRODUCT_NAME = "$(TARGET_NAME)";
				SUPPORTED_PLATFORMS = "iphoneos iphonesimulator";
				SUPPORTS_MACCATALYST = NO;
				SUPPORTS_MAC_DESIGNED_FOR_IPHONE_IPAD = NO;
				SWIFT_EMIT_LOC_STRINGS = YES;
				SWIFT_VERSION = 5.0;
				TARGETED_DEVICE_FAMILY = 1;
			};
			name = Debug;
		};
		19E63ACB29E6A9BF0065155B /* Release */ = {
			isa = XCBuildConfiguration;
			buildSettings = {
				ASSETCATALOG_COMPILER_APPICON_NAME = AppIcon;
				ASSETCATALOG_COMPILER_GLOBAL_ACCENT_COLOR_NAME = AccentColor;
				CODE_SIGN_STYLE = Automatic;
				CURRENT_PROJECT_VERSION = 1;
				DEVELOPMENT_ASSET_PATHS = "\"Buildout76/Preview Content\"";
				ENABLE_PREVIEWS = YES;
				GENERATE_INFOPLIST_FILE = YES;
				INFOPLIST_KEY_UIApplicationSceneManifest_Generation = YES;
				INFOPLIST_KEY_UIApplicationSupportsIndirectInputEvents = YES;
				INFOPLIST_KEY_UILaunchScreen_Generation = YES;
				INFOPLIST_KEY_UISupportedInterfaceOrientations = UIInterfaceOrientationPortrait;
				INFOPLIST_KEY_UISupportedInterfaceOrientations_iPad = "UIInterfaceOrientationLandscapeLeft UIInterfaceOrientationLandscapeRight UIInterfaceOrientationPortrait UIInterfaceOrientationPortraitUpsideDown";
				LD_RUNPATH_SEARCH_PATHS = (
					"$(inherited)",
					"@executable_path/Frameworks",
				);
				MARKETING_VERSION = 1.0;
				PRODUCT_BUNDLE_IDENTIFIER = com.zbornak.Buildout76;
				PRODUCT_NAME = "$(TARGET_NAME)";
				SUPPORTED_PLATFORMS = "iphoneos iphonesimulator";
				SUPPORTS_MACCATALYST = NO;
				SUPPORTS_MAC_DESIGNED_FOR_IPHONE_IPAD = NO;
				SWIFT_EMIT_LOC_STRINGS = YES;
				SWIFT_VERSION = 5.0;
				TARGETED_DEVICE_FAMILY = 1;
			};
			name = Release;
		};
/* End XCBuildConfiguration section */

/* Begin XCConfigurationList section */
		19E63AB629E6A9BE0065155B /* Build configuration list for PBXProject "Buildout76" */ = {
			isa = XCConfigurationList;
			buildConfigurations = (
				19E63AC729E6A9BF0065155B /* Debug */,
				19E63AC829E6A9BF0065155B /* Release */,
			);
			defaultConfigurationIsVisible = 0;
			defaultConfigurationName = Release;
		};
		19E63AC929E6A9BF0065155B /* Build configuration list for PBXNativeTarget "Buildout76" */ = {
			isa = XCConfigurationList;
			buildConfigurations = (
				19E63ACA29E6A9BF0065155B /* Debug */,
				19E63ACB29E6A9BF0065155B /* Release */,
			);
			defaultConfigurationIsVisible = 0;
			defaultConfigurationName = Release;
		};
/* End XCConfigurationList section */
	};
	rootObject = 19E63AB329E6A9BE0065155B /* Project object */;
}
